
Microsoft Visual Studio Solution File, Format Version 12.00
# Visual Studio Version 17
VisualStudioVersion = 17.2.32630.192
MinimumVisualStudioVersion = 10.0.40219.1
Project("{FAE04EC0-301F-11D3-BF4B-00C04F79EFBC}") = "PokerThing1", "PokerThing1\PokerThing1.csproj", "{DC8DD371-2931-4E75-A6E2-00E6C975DB16}"
EndProject
Global
	GlobalSection(SolutionConfigurationPlatforms) = preSolution
		Debug|Any CPU = Debug|Any CPU
		Release|Any CPU = Release|Any CPU
	EndGlobalSection
	GlobalSection(ProjectConfigurationPlatforms) = postSolution
		{DC8DD371-2931-4E75-A6E2-00E6C975DB16}.Debug|Any CPU.ActiveCfg = Debug|Any CPU
		{DC8DD371-2931-4E75-A6E2-00E6C975DB16}.Debug|Any CPU.Build.0 = Debug|Any CPU
		{DC8DD371-2931-4E75-A6E2-00E6C975DB16}.Release|Any CPU.ActiveCfg = Release|Any CPU
		{DC8DD371-2931-4E75-A6E2-00E6C975DB16}.Release|Any CPU.Build.0 = Release|Any CPU
	EndGlobalSection
	GlobalSection(SolutionProperties) = preSolution
		HideSolutionNode = FALSE
	EndGlobalSection
	GlobalSection(ExtensibilityGlobals) = postSolution
		SolutionGuid = {DC2BA38A-FACF-452F-B0E8-0B248CC2CCD6}
	EndGlobalSection
EndGlobal
